
Microsoft Visual Studio Solution File, Format Version 12.00
# Visual Studio 14
VisualStudioVersion = 14.0.25420.1
MinimumVisualStudioVersion = 10.0.40219.1
Project("{FAE04EC0-301F-11D3-BF4B-00C04F79EFBC}") = "AppLotis", "AppLotis\AppLotis\AppLotis.csproj", "{4ED74796-3AC1-4C7D-AB1B-F878631610F8}"
EndProject
Project("{FAE04EC0-301F-11D3-BF4B-00C04F79EFBC}") = "AppLotis.Droid", "AppLotis\AppLotis.Droid\AppLotis.Droid.csproj", "{7B61BFDC-6E06-4419-9E72-2353727B6DFC}"
EndProject
Project("{FAE04EC0-301F-11D3-BF4B-00C04F79EFBC}") = "AppLotis.iOS", "AppLotis\AppLotis.iOS\AppLotis.iOS.csproj", "{AB5EC8A4-1532-4BAA-8401-02B39E2A7DCF}"
EndProject
Project("{FAE04EC0-301F-11D3-BF4B-00C04F79EFBC}") = "AppLotis.WinPhone", "AppLotis\AppLotis.WinPhone\AppLotis.WinPhone.csproj", "{977F9294-3288-416C-97B3-B5D77F8949E9}"
EndProject
Project("{FAE04EC0-301F-11D3-BF4B-00C04F79EFBC}") = "AppLotis.Windows", "AppLotis\AppLotis.Windows\AppLotis.Windows.csproj", "{7F3B8B0E-8B56-4D68-8FDB-5FED71CF9023}"
EndProject
Global
	GlobalSection(SolutionConfigurationPlatforms) = preSolution
		Ad-Hoc|Any CPU = Ad-Hoc|Any CPU
		Ad-Hoc|ARM = Ad-Hoc|ARM
		Ad-Hoc|iPhone = Ad-Hoc|iPhone
		Ad-Hoc|iPhoneSimulator = Ad-Hoc|iPhoneSimulator
		Ad-Hoc|x64 = Ad-Hoc|x64
		Ad-Hoc|x86 = Ad-Hoc|x86
		AppStore|Any CPU = AppStore|Any CPU
		AppStore|ARM = AppStore|ARM
		AppStore|iPhone = AppStore|iPhone
		AppStore|iPhoneSimulator = AppStore|iPhoneSimulator
		AppStore|x64 = AppStore|x64
		AppStore|x86 = AppStore|x86
		Debug|Any CPU = Debug|Any CPU
		Debug|ARM = Debug|ARM
		Debug|iPhone = Debug|iPhone
		Debug|iPhoneSimulator = Debug|iPhoneSimulator
		Debug|x64 = Debug|x64
		Debug|x86 = Debug|x86
		Release|Any CPU = Release|Any CPU
		Release|ARM = Release|ARM
		Release|iPhone = Release|iPhone
		Release|iPhoneSimulator = Release|iPhoneSimulator
		Release|x64 = Release|x64
		Release|x86 = Release|x86
	EndGlobalSection
	GlobalSection(ProjectConfigurationPlatforms) = postSolution
		{4ED74796-3AC1-4C7D-AB1B-F878631610F8}.Ad-Hoc|Any CPU.ActiveCfg = Release|Any CPU
		{4ED74796-3AC1-4C7D-AB1B-F878631610F8}.Ad-Hoc|Any CPU.Build.0 = Release|Any CPU
		{4ED74796-3AC1-4C7D-AB1B-F878631610F8}.Ad-Hoc|ARM.ActiveCfg = Release|Any CPU
		{4ED74796-3AC1-4C7D-AB1B-F878631610F8}.Ad-Hoc|ARM.Build.0 = Release|Any CPU
		{4ED74796-3AC1-4C7D-AB1B-F878631610F8}.Ad-Hoc|iPhone.ActiveCfg = Release|Any CPU
		{4ED74796-3AC1-4C7D-AB1B-F878631610F8}.Ad-Hoc|iPhone.Build.0 = Release|Any CPU
		{4ED74796-3AC1-4C7D-AB1B-F878631610F8}.Ad-Hoc|iPhoneSimulator.ActiveCfg = Release|Any CPU
		{4ED74796-3AC1-4C7D-AB1B-F878631610F8}.Ad-Hoc|iPhoneSimulator.Build.0 = Release|Any CPU
		{4ED74796-3AC1-4C7D-AB1B-F878631610F8}.Ad-Hoc|x64.ActiveCfg = Release|Any CPU
		{4ED74796-3AC1-4C7D-AB1B-F878631610F8}.Ad-Hoc|x64.Build.0 = Release|Any CPU
		{4ED74796-3AC1-4C7D-AB1B-F878631610F8}.Ad-Hoc|x86.ActiveCfg = Release|Any CPU
		{4ED74796-3AC1-4C7D-AB1B-F878631610F8}.Ad-Hoc|x86.Build.0 = Release|Any CPU
		{4ED74796-3AC1-4C7D-AB1B-F878631610F8}.AppStore|Any CPU.ActiveCfg = Release|Any CPU
		{4ED74796-3AC1-4C7D-AB1B-F878631610F8}.AppStore|Any CPU.Build.0 = Release|Any CPU
		{4ED74796-3AC1-4C7D-AB1B-F878631610F8}.AppStore|ARM.ActiveCfg = Release|Any CPU
		{4ED74796-3AC1-4C7D-AB1B-F878631610F8}.AppStore|ARM.Build.0 = Release|Any CPU
		{4ED74796-3AC1-4C7D-AB1B-F878631610F8}.AppStore|iPhone.ActiveCfg = Release|Any CPU
		{4ED74796-3AC1-4C7D-AB1B-F878631610F8}.AppStore|iPhone.Build.0 = Release|Any CPU
		{4ED74796-3AC1-4C7D-AB1B-F878631610F8}.AppStore|iPhoneSimulator.ActiveCfg = Release|Any CPU
		{4ED74796-3AC1-4C7D-AB1B-F878631610F8}.AppStore|iPhoneSimulator.Build.0 = Release|Any CPU
		{4ED74796-3AC1-4C7D-AB1B-F878631610F8}.AppStore|x64.ActiveCfg = Release|Any CPU
		{4ED74796-3AC1-4C7D-AB1B-F878631610F8}.AppStore|x64.Build.0 = Release|Any CPU
		{4ED74796-3AC1-4C7D-AB1B-F878631610F8}.AppStore|x86.ActiveCfg = Release|Any CPU
		{4ED74796-3AC1-4C7D-AB1B-F878631610F8}.AppStore|x86.Build.0 = Release|Any CPU
		{4ED74796-3AC1-4C7D-AB1B-F878631610F8}.Debug|Any CPU.ActiveCfg = Debug|Any CPU
		{4ED74796-3AC1-4C7D-AB1B-F878631610F8}.Debug|Any CPU.Build.0 = Debug|Any CPU
		{4ED74796-3AC1-4C7D-AB1B-F878631610F8}.Debug|ARM.ActiveCfg = Debug|Any CPU
		{4ED74796-3AC1-4C7D-AB1B-F878631610F8}.Debug|ARM.Build.0 = Debug|Any CPU
		{4ED74796-3AC1-4C7D-AB1B-F878631610F8}.Debug|iPhone.ActiveCfg = Debug|Any CPU
		{4ED74796-3AC1-4C7D-AB1B-F878631610F8}.Debug|iPhone.Build.0 = Debug|Any CPU
		{4ED74796-3AC1-4C7D-AB1B-F878631610F8}.Debug|iPhoneSimulator.ActiveCfg = Debug|Any CPU
		{4ED74796-3AC1-4C7D-AB1B-F878631610F8}.Debug|iPhoneSimulator.Build.0 = Debug|Any CPU
		{4ED74796-3AC1-4C7D-AB1B-F878631610F8}.Debug|x64.ActiveCfg = Debug|Any CPU
		{4ED74796-3AC1-4C7D-AB1B-F878631610F8}.Debug|x64.Build.0 = Debug|Any CPU
		{4ED74796-3AC1-4C7D-AB1B-F878631610F8}.Debug|x86.ActiveCfg = Debug|Any CPU
		{4ED74796-3AC1-4C7D-AB1B-F878631610F8}.Debug|x86.Build.0 = Debug|Any CPU
		{4ED74796-3AC1-4C7D-AB1B-F878631610F8}.Release|Any CPU.ActiveCfg = Release|Any CPU
		{4ED74796-3AC1-4C7D-AB1B-F878631610F8}.Release|Any CPU.Build.0 = Release|Any CPU
		{4ED74796-3AC1-4C7D-AB1B-F878631610F8}.Release|ARM.ActiveCfg = Release|Any CPU
		{4ED74796-3AC1-4C7D-AB1B-F878631610F8}.Release|ARM.Build.0 = Release|Any CPU
		{4ED74796-3AC1-4C7D-AB1B-F878631610F8}.Release|iPhone.ActiveCfg = Release|Any CPU
		{4ED74796-3AC1-4C7D-AB1B-F878631610F8}.Release|iPhone.Build.0 = Release|Any CPU
		{4ED74796-3AC1-4C7D-AB1B-F878631610F8}.Release|iPhoneSimulator.ActiveCfg = Release|Any CPU
		{4ED74796-3AC1-4C7D-AB1B-F878631610F8}.Release|iPhoneSimulator.Build.0 = Release|Any CPU
		{4ED74796-3AC1-4C7D-AB1B-F878631610F8}.Release|x64.ActiveCfg = Release|Any CPU
		{4ED74796-3AC1-4C7D-AB1B-F878631610F8}.Release|x64.Build.0 = Release|Any CPU
		{4ED74796-3AC1-4C7D-AB1B-F878631610F8}.Release|x86.ActiveCfg = Release|Any CPU
		{4ED74796-3AC1-4C7D-AB1B-F878631610F8}.Release|x86.Build.0 = Release|Any CPU
		{7B61BFDC-6E06-4419-9E72-2353727B6DFC}.Ad-Hoc|Any CPU.ActiveCfg = Release|Any CPU
		{7B61BFDC-6E06-4419-9E72-2353727B6DFC}.Ad-Hoc|Any CPU.Build.0 = Release|Any CPU
		{7B61BFDC-6E06-4419-9E72-2353727B6DFC}.Ad-Hoc|Any CPU.Deploy.0 = Release|Any CPU
		{7B61BFDC-6E06-4419-9E72-2353727B6DFC}.Ad-Hoc|ARM.ActiveCfg = Release|Any CPU
		{7B61BFDC-6E06-4419-9E72-2353727B6DFC}.Ad-Hoc|ARM.Build.0 = Release|Any CPU
		{7B61BFDC-6E06-4419-9E72-2353727B6DFC}.Ad-Hoc|ARM.Deploy.0 = Release|Any CPU
		{7B61BFDC-6E06-4419-9E72-2353727B6DFC}.Ad-Hoc|iPhone.ActiveCfg = Release|Any CPU
		{7B61BFDC-6E06-4419-9E72-2353727B6DFC}.Ad-Hoc|iPhone.Build.0 = Release|Any CPU
		{7B61BFDC-6E06-4419-9E72-2353727B6DFC}.Ad-Hoc|iPhone.Deploy.0 = Release|Any CPU
		{7B61BFDC-6E06-4419-9E72-2353727B6DFC}.Ad-Hoc|iPhoneSimulator.ActiveCfg = Release|Any CPU
		{7B61BFDC-6E06-4419-9E72-2353727B6DFC}.Ad-Hoc|iPhoneSimulator.Build.0 = Release|Any CPU
		{7B61BFDC-6E06-4419-9E72-2353727B6DFC}.Ad-Hoc|iPhoneSimulator.Deploy.0 = Release|Any CPU
		{7B61BFDC-6E06-4419-9E72-2353727B6DFC}.Ad-Hoc|x64.ActiveCfg = Release|Any CPU
		{7B61BFDC-6E06-4419-9E72-2353727B6DFC}.Ad-Hoc|x64.Build.0 = Release|Any CPU
		{7B61BFDC-6E06-4419-9E72-2353727B6DFC}.Ad-Hoc|x64.Deploy.0 = Release|Any CPU
		{7B61BFDC-6E06-4419-9E72-2353727B6DFC}.Ad-Hoc|x86.ActiveCfg = Release|Any CPU
		{7B61BFDC-6E06-4419-9E72-2353727B6DFC}.Ad-Hoc|x86.Build.0 = Release|Any CPU
		{7B61BFDC-6E06-4419-9E72-2353727B6DFC}.Ad-Hoc|x86.Deploy.0 = Release|Any CPU
		{7B61BFDC-6E06-4419-9E72-2353727B6DFC}.AppStore|Any CPU.ActiveCfg = Release|Any CPU
		{7B61BFDC-6E06-4419-9E72-2353727B6DFC}.AppStore|Any CPU.Build.0 = Release|Any CPU
		{7B61BFDC-6E06-4419-9E72-2353727B6DFC}.AppStore|Any CPU.Deploy.0 = Release|Any CPU
		{7B61BFDC-6E06-4419-9E72-2353727B6DFC}.AppStore|ARM.ActiveCfg = Release|Any CPU
		{7B61BFDC-6E06-4419-9E72-2353727B6DFC}.AppStore|ARM.Build.0 = Release|Any CPU
		{7B61BFDC-6E06-4419-9E72-2353727B6DFC}.AppStore|ARM.Deploy.0 = Release|Any CPU
		{7B61BFDC-6E06-4419-9E72-2353727B6DFC}.AppStore|iPhone.ActiveCfg = Release|Any CPU
		{7B61BFDC-6E06-4419-9E72-2353727B6DFC}.AppStore|iPhone.Build.0 = Release|Any CPU
		{7B61BFDC-6E06-4419-9E72-2353727B6DFC}.AppStore|iPhone.Deploy.0 = Release|Any CPU
		{7B61BFDC-6E06-4419-9E72-2353727B6DFC}.AppStore|iPhoneSimulator.ActiveCfg = Release|Any CPU
		{7B61BFDC-6E06-4419-9E72-2353727B6DFC}.AppStore|iPhoneSimulator.Build.0 = Release|Any CPU
		{7B61BFDC-6E06-4419-9E72-2353727B6DFC}.AppStore|iPhoneSimulator.Deploy.0 = Release|Any CPU
		{7B61BFDC-6E06-4419-9E72-2353727B6DFC}.AppStore|x64.ActiveCfg = Release|Any CPU
		{7B61BFDC-6E06-4419-9E72-2353727B6DFC}.AppStore|x64.Build.0 = Release|Any CPU
		{7B61BFDC-6E06-4419-9E72-2353727B6DFC}.AppStore|x64.Deploy.0 = Release|Any CPU
		{7B61BFDC-6E06-4419-9E72-2353727B6DFC}.AppStore|x86.ActiveCfg = Release|Any CPU
		{7B61BFDC-6E06-4419-9E72-2353727B6DFC}.AppStore|x86.Build.0 = Release|Any CPU
		{7B61BFDC-6E06-4419-9E72-2353727B6DFC}.AppStore|x86.Deploy.0 = Release|Any CPU
		{7B61BFDC-6E06-4419-9E72-2353727B6DFC}.Debug|Any CPU.ActiveCfg = Debug|Any CPU
		{7B61BFDC-6E06-4419-9E72-2353727B6DFC}.Debug|Any CPU.Build.0 = Debug|Any CPU
		{7B61BFDC-6E06-4419-9E72-2353727B6DFC}.Debug|Any CPU.Deploy.0 = Debug|Any CPU
		{7B61BFDC-6E06-4419-9E72-2353727B6DFC}.Debug|ARM.ActiveCfg = Debug|Any CPU
		{7B61BFDC-6E06-4419-9E72-2353727B6DFC}.Debug|ARM.Build.0 = Debug|Any CPU
		{7B61BFDC-6E06-4419-9E72-2353727B6DFC}.Debug|ARM.Deploy.0 = Debug|Any CPU
		{7B61BFDC-6E06-4419-9E72-2353727B6DFC}.Debug|iPhone.ActiveCfg = Debug|Any CPU
		{7B61BFDC-6E06-4419-9E72-2353727B6DFC}.Debug|iPhone.Build.0 = Debug|Any CPU
		{7B61BFDC-6E06-4419-9E72-2353727B6DFC}.Debug|iPhone.Deploy.0 = Debug|Any CPU
		{7B61BFDC-6E06-4419-9E72-2353727B6DFC}.Debug|iPhoneSimulator.ActiveCfg = Debug|Any CPU
		{7B61BFDC-6E06-4419-9E72-2353727B6DFC}.Debug|iPhoneSimulator.Build.0 = Debug|Any CPU
		{7B61BFDC-6E06-4419-9E72-2353727B6DFC}.Debug|iPhoneSimulator.Deploy.0 = Debug|Any CPU
		{7B61BFDC-6E06-4419-9E72-2353727B6DFC}.Debug|x64.ActiveCfg = Debug|Any CPU
		{7B61BFDC-6E06-4419-9E72-2353727B6DFC}.Debug|x64.Build.0 = Debug|Any CPU
		{7B61BFDC-6E06-4419-9E72-2353727B6DFC}.Debug|x64.Deploy.0 = Debug|Any CPU
		{7B61BFDC-6E06-4419-9E72-2353727B6DFC}.Debug|x86.ActiveCfg = Debug|Any CPU
		{7B61BFDC-6E06-4419-9E72-2353727B6DFC}.Debug|x86.Build.0 = Debug|Any CPU
		{7B61BFDC-6E06-4419-9E72-2353727B6DFC}.Debug|x86.Deploy.0 = Debug|Any CPU
		{7B61BFDC-6E06-4419-9E72-2353727B6DFC}.Release|Any CPU.ActiveCfg = Release|Any CPU
		{7B61BFDC-6E06-4419-9E72-2353727B6DFC}.Release|Any CPU.Build.0 = Release|Any CPU
		{7B61BFDC-6E06-4419-9E72-2353727B6DFC}.Release|Any CPU.Deploy.0 = Release|Any CPU
		{7B61BFDC-6E06-4419-9E72-2353727B6DFC}.Release|ARM.ActiveCfg = Release|Any CPU
		{7B61BFDC-6E06-4419-9E72-2353727B6DFC}.Release|ARM.Build.0 = Release|Any CPU
		{7B61BFDC-6E06-4419-9E72-2353727B6DFC}.Release|ARM.Deploy.0 = Release|Any CPU
		{7B61BFDC-6E06-4419-9E72-2353727B6DFC}.Release|iPhone.ActiveCfg = Release|Any CPU
		{7B61BFDC-6E06-4419-9E72-2353727B6DFC}.Release|iPhone.Build.0 = Release|Any CPU
		{7B61BFDC-6E06-4419-9E72-2353727B6DFC}.Release|iPhone.Deploy.0 = Release|Any CPU
		{7B61BFDC-6E06-4419-9E72-2353727B6DFC}.Release|iPhoneSimulator.ActiveCfg = Release|Any CPU
		{7B61BFDC-6E06-4419-9E72-2353727B6DFC}.Release|iPhoneSimulator.Build.0 = Release|Any CPU
		{7B61BFDC-6E06-4419-9E72-2353727B6DFC}.Release|iPhoneSimulator.Deploy.0 = Release|Any CPU
		{7B61BFDC-6E06-4419-9E72-2353727B6DFC}.Release|x64.ActiveCfg = Release|Any CPU
		{7B61BFDC-6E06-4419-9E72-2353727B6DFC}.Release|x64.Build.0 = Release|Any CPU
		{7B61BFDC-6E06-4419-9E72-2353727B6DFC}.Release|x64.Deploy.0 = Release|Any CPU
		{7B61BFDC-6E06-4419-9E72-2353727B6DFC}.Release|x86.ActiveCfg = Release|Any CPU
		{7B61BFDC-6E06-4419-9E72-2353727B6DFC}.Release|x86.Build.0 = Release|Any CPU
		{7B61BFDC-6E06-4419-9E72-2353727B6DFC}.Release|x86.Deploy.0 = Release|Any CPU
		{AB5EC8A4-1532-4BAA-8401-02B39E2A7DCF}.Ad-Hoc|Any CPU.ActiveCfg = Ad-Hoc|iPhone
		{AB5EC8A4-1532-4BAA-8401-02B39E2A7DCF}.Ad-Hoc|ARM.ActiveCfg = Ad-Hoc|iPhone
		{AB5EC8A4-1532-4BAA-8401-02B39E2A7DCF}.Ad-Hoc|iPhone.ActiveCfg = Ad-Hoc|iPhone
		{AB5EC8A4-1532-4BAA-8401-02B39E2A7DCF}.Ad-Hoc|iPhone.Build.0 = Ad-Hoc|iPhone
		{AB5EC8A4-1532-4BAA-8401-02B39E2A7DCF}.Ad-Hoc|iPhoneSimulator.ActiveCfg = Ad-Hoc|iPhoneSimulator
		{AB5EC8A4-1532-4BAA-8401-02B39E2A7DCF}.Ad-Hoc|iPhoneSimulator.Build.0 = Ad-Hoc|iPhoneSimulator
		{AB5EC8A4-1532-4BAA-8401-02B39E2A7DCF}.Ad-Hoc|x64.ActiveCfg = Ad-Hoc|iPhone
		{AB5EC8A4-1532-4BAA-8401-02B39E2A7DCF}.Ad-Hoc|x86.ActiveCfg = Ad-Hoc|iPhone
		{AB5EC8A4-1532-4BAA-8401-02B39E2A7DCF}.AppStore|Any CPU.ActiveCfg = AppStore|iPhone
		{AB5EC8A4-1532-4BAA-8401-02B39E2A7DCF}.AppStore|ARM.ActiveCfg = AppStore|iPhone
		{AB5EC8A4-1532-4BAA-8401-02B39E2A7DCF}.AppStore|iPhone.ActiveCfg = AppStore|iPhone
		{AB5EC8A4-1532-4BAA-8401-02B39E2A7DCF}.AppStore|iPhone.Build.0 = AppStore|iPhone
		{AB5EC8A4-1532-4BAA-8401-02B39E2A7DCF}.AppStore|iPhoneSimulator.ActiveCfg = AppStore|iPhoneSimulator
		{AB5EC8A4-1532-4BAA-8401-02B39E2A7DCF}.AppStore|iPhoneSimulator.Build.0 = AppStore|iPhoneSimulator
		{AB5EC8A4-1532-4BAA-8401-02B39E2A7DCF}.AppStore|x64.ActiveCfg = AppStore|iPhone
		{AB5EC8A4-1532-4BAA-8401-02B39E2A7DCF}.AppStore|x86.ActiveCfg = AppStore|iPhone
		{AB5EC8A4-1532-4BAA-8401-02B39E2A7DCF}.Debug|Any CPU.ActiveCfg = Debug|iPhone
		{AB5EC8A4-1532-4BAA-8401-02B39E2A7DCF}.Debug|ARM.ActiveCfg = Debug|iPhone
		{AB5EC8A4-1532-4BAA-8401-02B39E2A7DCF}.Debug|iPhone.ActiveCfg = Debug|iPhone
		{AB5EC8A4-1532-4BAA-8401-02B39E2A7DCF}.Debug|iPhone.Build.0 = Debug|iPhone
		{AB5EC8A4-1532-4BAA-8401-02B39E2A7DCF}.Debug|iPhoneSimulator.ActiveCfg = Debug|iPhoneSimulator
		{AB5EC8A4-1532-4BAA-8401-02B39E2A7DCF}.Debug|iPhoneSimulator.Build.0 = Debug|iPhoneSimulator
		{AB5EC8A4-1532-4BAA-8401-02B39E2A7DCF}.Debug|x64.ActiveCfg = Debug|iPhone
		{AB5EC8A4-1532-4BAA-8401-02B39E2A7DCF}.Debug|x86.ActiveCfg = Debug|iPhone
		{AB5EC8A4-1532-4BAA-8401-02B39E2A7DCF}.Release|Any CPU.ActiveCfg = Release|iPhone
		{AB5EC8A4-1532-4BAA-8401-02B39E2A7DCF}.Release|ARM.ActiveCfg = Release|iPhone
		{AB5EC8A4-1532-4BAA-8401-02B39E2A7DCF}.Release|iPhone.ActiveCfg = Release|iPhone
		{AB5EC8A4-1532-4BAA-8401-02B39E2A7DCF}.Release|iPhone.Build.0 = Release|iPhone
		{AB5EC8A4-1532-4BAA-8401-02B39E2A7DCF}.Release|iPhoneSimulator.ActiveCfg = Release|iPhoneSimulator
		{AB5EC8A4-1532-4BAA-8401-02B39E2A7DCF}.Release|iPhoneSimulator.Build.0 = Release|iPhoneSimulator
		{AB5EC8A4-1532-4BAA-8401-02B39E2A7DCF}.Release|x64.ActiveCfg = Release|iPhone
		{AB5EC8A4-1532-4BAA-8401-02B39E2A7DCF}.Release|x86.ActiveCfg = Release|iPhone
		{977F9294-3288-416C-97B3-B5D77F8949E9}.Ad-Hoc|Any CPU.ActiveCfg = Release|Any CPU
		{977F9294-3288-416C-97B3-B5D77F8949E9}.Ad-Hoc|Any CPU.Build.0 = Release|Any CPU
		{977F9294-3288-416C-97B3-B5D77F8949E9}.Ad-Hoc|Any CPU.Deploy.0 = Release|Any CPU
		{977F9294-3288-416C-97B3-B5D77F8949E9}.Ad-Hoc|ARM.ActiveCfg = Release|ARM
		{977F9294-3288-416C-97B3-B5D77F8949E9}.Ad-Hoc|ARM.Build.0 = Release|ARM
		{977F9294-3288-416C-97B3-B5D77F8949E9}.Ad-Hoc|ARM.Deploy.0 = Release|ARM
		{977F9294-3288-416C-97B3-B5D77F8949E9}.Ad-Hoc|iPhone.ActiveCfg = Release|Any CPU
		{977F9294-3288-416C-97B3-B5D77F8949E9}.Ad-Hoc|iPhone.Build.0 = Release|Any CPU
		{977F9294-3288-416C-97B3-B5D77F8949E9}.Ad-Hoc|iPhone.Deploy.0 = Release|Any CPU
		{977F9294-3288-416C-97B3-B5D77F8949E9}.Ad-Hoc|iPhoneSimulator.ActiveCfg = Release|Any CPU
		{977F9294-3288-416C-97B3-B5D77F8949E9}.Ad-Hoc|iPhoneSimulator.Build.0 = Release|Any CPU
		{977F9294-3288-416C-97B3-B5D77F8949E9}.Ad-Hoc|iPhoneSimulator.Deploy.0 = Release|Any CPU
		{977F9294-3288-416C-97B3-B5D77F8949E9}.Ad-Hoc|x64.ActiveCfg = Release|Any CPU
		{977F9294-3288-416C-97B3-B5D77F8949E9}.Ad-Hoc|x64.Build.0 = Release|Any CPU
		{977F9294-3288-416C-97B3-B5D77F8949E9}.Ad-Hoc|x64.Deploy.0 = Release|Any CPU
		{977F9294-3288-416C-97B3-B5D77F8949E9}.Ad-Hoc|x86.ActiveCfg = Release|x86
		{977F9294-3288-416C-97B3-B5D77F8949E9}.Ad-Hoc|x86.Build.0 = Release|x86
		{977F9294-3288-416C-97B3-B5D77F8949E9}.Ad-Hoc|x86.Deploy.0 = Release|x86
		{977F9294-3288-416C-97B3-B5D77F8949E9}.AppStore|Any CPU.ActiveCfg = Release|Any CPU
		{977F9294-3288-416C-97B3-B5D77F8949E9}.AppStore|Any CPU.Build.0 = Release|Any CPU
		{977F9294-3288-416C-97B3-B5D77F8949E9}.AppStore|Any CPU.Deploy.0 = Release|Any CPU
		{977F9294-3288-416C-97B3-B5D77F8949E9}.AppStore|ARM.ActiveCfg = Release|ARM
		{977F9294-3288-416C-97B3-B5D77F8949E9}.AppStore|ARM.Build.0 = Release|ARM
		{977F9294-3288-416C-97B3-B5D77F8949E9}.AppStore|ARM.Deploy.0 = Release|ARM
		{977F9294-3288-416C-97B3-B5D77F8949E9}.AppStore|iPhone.ActiveCfg = Release|Any CPU
		{977F9294-3288-416C-97B3-B5D77F8949E9}.AppStore|iPhone.Build.0 = Release|Any CPU
		{977F9294-3288-416C-97B3-B5D77F8949E9}.AppStore|iPhone.Deploy.0 = Release|Any CPU
		{977F9294-3288-416C-97B3-B5D77F8949E9}.AppStore|iPhoneSimulator.ActiveCfg = Release|Any CPU
		{977F9294-3288-416C-97B3-B5D77F8949E9}.AppStore|iPhoneSimulator.Build.0 = Release|Any CPU
		{977F9294-3288-416C-97B3-B5D77F8949E9}.AppStore|iPhoneSimulator.Deploy.0 = Release|Any CPU
		{977F9294-3288-416C-97B3-B5D77F8949E9}.AppStore|x64.ActiveCfg = Release|Any CPU
		{977F9294-3288-416C-97B3-B5D77F8949E9}.AppStore|x64.Build.0 = Release|Any CPU
		{977F9294-3288-416C-97B3-B5D77F8949E9}.AppStore|x64.Deploy.0 = Release|Any CPU
		{977F9294-3288-416C-97B3-B5D77F8949E9}.AppStore|x86.ActiveCfg = Release|x86
		{977F9294-3288-416C-97B3-B5D77F8949E9}.AppStore|x86.Build.0 = Release|x86
		{977F9294-3288-416C-97B3-B5D77F8949E9}.AppStore|x86.Deploy.0 = Release|x86
		{977F9294-3288-416C-97B3-B5D77F8949E9}.Debug|Any CPU.ActiveCfg = Debug|Any CPU
		{977F9294-3288-416C-97B3-B5D77F8949E9}.Debug|Any CPU.Build.0 = Debug|Any CPU
		{977F9294-3288-416C-97B3-B5D77F8949E9}.Debug|Any CPU.Deploy.0 = Debug|Any CPU
		{977F9294-3288-416C-97B3-B5D77F8949E9}.Debug|ARM.ActiveCfg = Debug|ARM
		{977F9294-3288-416C-97B3-B5D77F8949E9}.Debug|ARM.Build.0 = Debug|ARM
		{977F9294-3288-416C-97B3-B5D77F8949E9}.Debug|ARM.Deploy.0 = Debug|ARM
		{977F9294-3288-416C-97B3-B5D77F8949E9}.Debug|iPhone.ActiveCfg = Debug|Any CPU
		{977F9294-3288-416C-97B3-B5D77F8949E9}.Debug|iPhone.Build.0 = Debug|Any CPU
		{977F9294-3288-416C-97B3-B5D77F8949E9}.Debug|iPhone.Deploy.0 = Debug|Any CPU
		{977F9294-3288-416C-97B3-B5D77F8949E9}.Debug|iPhoneSimulator.ActiveCfg = Debug|Any CPU
		{977F9294-3288-416C-97B3-B5D77F8949E9}.Debug|iPhoneSimulator.Build.0 = Debug|Any CPU
		{977F9294-3288-416C-97B3-B5D77F8949E9}.Debug|iPhoneSimulator.Deploy.0 = Debug|Any CPU
		{977F9294-3288-416C-97B3-B5D77F8949E9}.Debug|x64.ActiveCfg = Debug|Any CPU
		{977F9294-3288-416C-97B3-B5D77F8949E9}.Debug|x64.Build.0 = Debug|Any CPU
		{977F9294-3288-416C-97B3-B5D77F8949E9}.Debug|x64.Deploy.0 = Debug|Any CPU
		{977F9294-3288-416C-97B3-B5D77F8949E9}.Debug|x86.ActiveCfg = Debug|x86
		{977F9294-3288-416C-97B3-B5D77F8949E9}.Debug|x86.Build.0 = Debug|x86
		{977F9294-3288-416C-97B3-B5D77F8949E9}.Debug|x86.Deploy.0 = Debug|x86
		{977F9294-3288-416C-97B3-B5D77F8949E9}.Release|Any CPU.ActiveCfg = Release|Any CPU
		{977F9294-3288-416C-97B3-B5D77F8949E9}.Release|Any CPU.Build.0 = Release|Any CPU
		{977F9294-3288-416C-97B3-B5D77F8949E9}.Release|Any CPU.Deploy.0 = Release|Any CPU
		{977F9294-3288-416C-97B3-B5D77F8949E9}.Release|ARM.ActiveCfg = Release|ARM
		{977F9294-3288-416C-97B3-B5D77F8949E9}.Release|ARM.Build.0 = Release|ARM
		{977F9294-3288-416C-97B3-B5D77F8949E9}.Release|ARM.Deploy.0 = Release|ARM
		{977F9294-3288-416C-97B3-B5D77F8949E9}.Release|iPhone.ActiveCfg = Release|Any CPU
		{977F9294-3288-416C-97B3-B5D77F8949E9}.Release|iPhone.Build.0 = Release|Any CPU
		{977F9294-3288-416C-97B3-B5D77F8949E9}.Release|iPhone.Deploy.0 = Release|Any CPU
		{977F9294-3288-416C-97B3-B5D77F8949E9}.Release|iPhoneSimulator.ActiveCfg = Release|Any CPU
		{977F9294-3288-416C-97B3-B5D77F8949E9}.Release|iPhoneSimulator.Build.0 = Release|Any CPU
		{977F9294-3288-416C-97B3-B5D77F8949E9}.Release|iPhoneSimulator.Deploy.0 = Release|Any CPU
		{977F9294-3288-416C-97B3-B5D77F8949E9}.Release|x64.ActiveCfg = Release|Any CPU
		{977F9294-3288-416C-97B3-B5D77F8949E9}.Release|x64.Build.0 = Release|Any CPU
		{977F9294-3288-416C-97B3-B5D77F8949E9}.Release|x64.Deploy.0 = Release|Any CPU
		{977F9294-3288-416C-97B3-B5D77F8949E9}.Release|x86.ActiveCfg = Release|x86
		{977F9294-3288-416C-97B3-B5D77F8949E9}.Release|x86.Build.0 = Release|x86
		{977F9294-3288-416C-97B3-B5D77F8949E9}.Release|x86.Deploy.0 = Release|x86
		{7F3B8B0E-8B56-4D68-8FDB-5FED71CF9023}.Ad-Hoc|Any CPU.ActiveCfg = Release|Any CPU
		{7F3B8B0E-8B56-4D68-8FDB-5FED71CF9023}.Ad-Hoc|Any CPU.Build.0 = Release|Any CPU
		{7F3B8B0E-8B56-4D68-8FDB-5FED71CF9023}.Ad-Hoc|Any CPU.Deploy.0 = Release|Any CPU
		{7F3B8B0E-8B56-4D68-8FDB-5FED71CF9023}.Ad-Hoc|ARM.ActiveCfg = Release|ARM
		{7F3B8B0E-8B56-4D68-8FDB-5FED71CF9023}.Ad-Hoc|ARM.Build.0 = Release|ARM
		{7F3B8B0E-8B56-4D68-8FDB-5FED71CF9023}.Ad-Hoc|ARM.Deploy.0 = Release|ARM
		{7F3B8B0E-8B56-4D68-8FDB-5FED71CF9023}.Ad-Hoc|iPhone.ActiveCfg = Release|Any CPU
		{7F3B8B0E-8B56-4D68-8FDB-5FED71CF9023}.Ad-Hoc|iPhone.Build.0 = Release|Any CPU
		{7F3B8B0E-8B56-4D68-8FDB-5FED71CF9023}.Ad-Hoc|iPhone.Deploy.0 = Release|Any CPU
		{7F3B8B0E-8B56-4D68-8FDB-5FED71CF9023}.Ad-Hoc|iPhoneSimulator.ActiveCfg = Release|Any CPU
		{7F3B8B0E-8B56-4D68-8FDB-5FED71CF9023}.Ad-Hoc|iPhoneSimulator.Build.0 = Release|Any CPU
		{7F3B8B0E-8B56-4D68-8FDB-5FED71CF9023}.Ad-Hoc|iPhoneSimulator.Deploy.0 = Release|Any CPU
		{7F3B8B0E-8B56-4D68-8FDB-5FED71CF9023}.Ad-Hoc|x64.ActiveCfg = Release|x64
		{7F3B8B0E-8B56-4D68-8FDB-5FED71CF9023}.Ad-Hoc|x64.Build.0 = Release|x64
		{7F3B8B0E-8B56-4D68-8FDB-5FED71CF9023}.Ad-Hoc|x64.Deploy.0 = Release|x64
		{7F3B8B0E-8B56-4D68-8FDB-5FED71CF9023}.Ad-Hoc|x86.ActiveCfg = Release|x86
		{7F3B8B0E-8B56-4D68-8FDB-5FED71CF9023}.Ad-Hoc|x86.Build.0 = Release|x86
		{7F3B8B0E-8B56-4D68-8FDB-5FED71CF9023}.Ad-Hoc|x86.Deploy.0 = Release|x86
		{7F3B8B0E-8B56-4D68-8FDB-5FED71CF9023}.AppStore|Any CPU.ActiveCfg = Release|Any CPU
		{7F3B8B0E-8B56-4D68-8FDB-5FED71CF9023}.AppStore|Any CPU.Build.0 = Release|Any CPU
		{7F3B8B0E-8B56-4D68-8FDB-5FED71CF9023}.AppStore|Any CPU.Deploy.0 = Release|Any CPU
		{7F3B8B0E-8B56-4D68-8FDB-5FED71CF9023}.AppStore|ARM.ActiveCfg = Release|ARM
		{7F3B8B0E-8B56-4D68-8FDB-5FED71CF9023}.AppStore|ARM.Build.0 = Release|ARM
		{7F3B8B0E-8B56-4D68-8FDB-5FED71CF9023}.AppStore|ARM.Deploy.0 = Release|ARM
		{7F3B8B0E-8B56-4D68-8FDB-5FED71CF9023}.AppStore|iPhone.ActiveCfg = Release|Any CPU
		{7F3B8B0E-8B56-4D68-8FDB-5FED71CF9023}.AppStore|iPhone.Build.0 = Release|Any CPU
		{7F3B8B0E-8B56-4D68-8FDB-5FED71CF9023}.AppStore|iPhone.Deploy.0 = Release|Any CPU
		{7F3B8B0E-8B56-4D68-8FDB-5FED71CF9023}.AppStore|iPhoneSimulator.ActiveCfg = Release|Any CPU
		{7F3B8B0E-8B56-4D68-8FDB-5FED71CF9023}.AppStore|iPhoneSimulator.Build.0 = Release|Any CPU
		{7F3B8B0E-8B56-4D68-8FDB-5FED71CF9023}.AppStore|iPhoneSimulator.Deploy.0 = Release|Any CPU
		{7F3B8B0E-8B56-4D68-8FDB-5FED71CF9023}.AppStore|x64.ActiveCfg = Release|x64
		{7F3B8B0E-8B56-4D68-8FDB-5FED71CF9023}.AppStore|x64.Build.0 = Release|x64
		{7F3B8B0E-8B56-4D68-8FDB-5FED71CF9023}.AppStore|x64.Deploy.0 = Release|x64
		{7F3B8B0E-8B56-4D68-8FDB-5FED71CF9023}.AppStore|x86.ActiveCfg = Release|x86
		{7F3B8B0E-8B56-4D68-8FDB-5FED71CF9023}.AppStore|x86.Build.0 = Release|x86
		{7F3B8B0E-8B56-4D68-8FDB-5FED71CF9023}.AppStore|x86.Deploy.0 = Release|x86
		{7F3B8B0E-8B56-4D68-8FDB-5FED71CF9023}.Debug|Any CPU.ActiveCfg = Debug|Any CPU
		{7F3B8B0E-8B56-4D68-8FDB-5FED71CF9023}.Debug|Any CPU.Build.0 = Debug|Any CPU
		{7F3B8B0E-8B56-4D68-8FDB-5FED71CF9023}.Debug|Any CPU.Deploy.0 = Debug|Any CPU
		{7F3B8B0E-8B56-4D68-8FDB-5FED71CF9023}.Debug|ARM.ActiveCfg = Debug|ARM
		{7F3B8B0E-8B56-4D68-8FDB-5FED71CF9023}.Debug|ARM.Build.0 = Debug|ARM
		{7F3B8B0E-8B56-4D68-8FDB-5FED71CF9023}.Debug|ARM.Deploy.0 = Debug|ARM
		{7F3B8B0E-8B56-4D68-8FDB-5FED71CF9023}.Debug|iPhone.ActiveCfg = Debug|Any CPU
		{7F3B8B0E-8B56-4D68-8FDB-5FED71CF9023}.Debug|iPhone.Build.0 = Debug|Any CPU
		{7F3B8B0E-8B56-4D68-8FDB-5FED71CF9023}.Debug|iPhone.Deploy.0 = Debug|Any CPU
		{7F3B8B0E-8B56-4D68-8FDB-5FED71CF9023}.Debug|iPhoneSimulator.ActiveCfg = Debug|Any CPU
		{7F3B8B0E-8B56-4D68-8FDB-5FED71CF9023}.Debug|iPhoneSimulator.Build.0 = Debug|Any CPU
		{7F3B8B0E-8B56-4D68-8FDB-5FED71CF9023}.Debug|iPhoneSimulator.Deploy.0 = Debug|Any CPU
		{7F3B8B0E-8B56-4D68-8FDB-5FED71CF9023}.Debug|x64.ActiveCfg = Debug|x64
		{7F3B8B0E-8B56-4D68-8FDB-5FED71CF9023}.Debug|x64.Build.0 = Debug|x64
		{7F3B8B0E-8B56-4D68-8FDB-5FED71CF9023}.Debug|x64.Deploy.0 = Debug|x64
		{7F3B8B0E-8B56-4D68-8FDB-5FED71CF9023}.Debug|x86.ActiveCfg = Debug|x86
		{7F3B8B0E-8B56-4D68-8FDB-5FED71CF9023}.Debug|x86.Build.0 = Debug|x86
		{7F3B8B0E-8B56-4D68-8FDB-5FED71CF9023}.Debug|x86.Deploy.0 = Debug|x86
		{7F3B8B0E-8B56-4D68-8FDB-5FED71CF9023}.Release|Any CPU.ActiveCfg = Release|Any CPU
		{7F3B8B0E-8B56-4D68-8FDB-5FED71CF9023}.Release|Any CPU.Build.0 = Release|Any CPU
		{7F3B8B0E-8B56-4D68-8FDB-5FED71CF9023}.Release|Any CPU.Deploy.0 = Release|Any CPU
		{7F3B8B0E-8B56-4D68-8FDB-5FED71CF9023}.Release|ARM.ActiveCfg = Release|ARM
		{7F3B8B0E-8B56-4D68-8FDB-5FED71CF9023}.Release|ARM.Build.0 = Release|ARM
		{7F3B8B0E-8B56-4D68-8FDB-5FED71CF9023}.Release|ARM.Deploy.0 = Release|ARM
		{7F3B8B0E-8B56-4D68-8FDB-5FED71CF9023}.Release|iPhone.ActiveCfg = Release|Any CPU
		{7F3B8B0E-8B56-4D68-8FDB-5FED71CF9023}.Release|iPhone.Build.0 = Release|Any CPU
		{7F3B8B0E-8B56-4D68-8FDB-5FED71CF9023}.Release|iPhone.Deploy.0 = Release|Any CPU
		{7F3B8B0E-8B56-4D68-8FDB-5FED71CF9023}.Release|iPhoneSimulator.ActiveCfg = Release|Any CPU
		{7F3B8B0E-8B56-4D68-8FDB-5FED71CF9023}.Release|iPhoneSimulator.Build.0 = Release|Any CPU
		{7F3B8B0E-8B56-4D68-8FDB-5FED71CF9023}.Release|iPhoneSimulator.Deploy.0 = Release|Any CPU
		{7F3B8B0E-8B56-4D68-8FDB-5FED71CF9023}.Release|x64.ActiveCfg = Release|x64
		{7F3B8B0E-8B56-4D68-8FDB-5FED71CF9023}.Release|x64.Build.0 = Release|x64
		{7F3B8B0E-8B56-4D68-8FDB-5FED71CF9023}.Release|x64.Deploy.0 = Release|x64
		{7F3B8B0E-8B56-4D68-8FDB-5FED71CF9023}.Release|x86.ActiveCfg = Release|x86
		{7F3B8B0E-8B56-4D68-8FDB-5FED71CF9023}.Release|x86.Build.0 = Release|x86
		{7F3B8B0E-8B56-4D68-8FDB-5FED71CF9023}.Release|x86.Deploy.0 = Release|x86
	EndGlobalSection
	GlobalSection(SolutionProperties) = preSolution
		HideSolutionNode = FALSE
	EndGlobalSection
EndGlobal
